Microsoft Visual Studio Solution File, Format Version 12.00
# Visual Studio Version 17
VisualStudioVersion = 17.0.31912.275
MinimumVisualStudioVersion = 10.0.40219.1
Project("{FAE04EC0-301F-11D3-BF4B-00C04F79EFBC}") = "AkteTimer", "src\AkteTimer\AkteTimer.csproj", "{6C37C0E1-05CB-48A4-9BE2-9721CEDBCAB8}"
EndProject
Project("{FAE04EC0-301F-11D3-BF4B-00C04F79EFBC}") = "AkteTimer.Tests", "src\AkteTimer.Tests\AkteTimer.Tests.csproj", "{5FA452EB-B315-45CF-8F12-4892B35CEE3B}"
EndProject
Global
	GlobalSection(SolutionConfigurationPlatforms) = preSolution
		Debug|Any CPU = Debug|Any CPU
		Release|Any CPU = Release|Any CPU
	EndGlobalSection
	GlobalSection(ProjectConfigurationPlatforms) = postSolution
		{6C37C0E1-05CB-48A4-9BE2-9721CEDBCAB8}.Debug|Any CPU.ActiveCfg = Debug|Any CPU
		{6C37C0E1-05CB-48A4-9BE2-9721CEDBCAB8}.Debug|Any CPU.Build.0 = Debug|Any CPU
		{6C37C0E1-05CB-48A4-9BE2-9721CEDBCAB8}.Release|Any CPU.ActiveCfg = Release|Any CPU
		{6C37C0E1-05CB-48A4-9BE2-9721CEDBCAB8}.Release|Any CPU.Build.0 = Release|Any CPU
		{5FA452EB-B315-45CF-8F12-4892B35CEE3B}.Debug|Any CPU.ActiveCfg = Debug|Any CPU
		{5FA452EB-B315-45CF-8F12-4892B35CEE3B}.Debug|Any CPU.Build.0 = Debug|Any CPU
		{5FA452EB-B315-45CF-8F12-4892B35CEE3B}.Release|Any CPU.ActiveCfg = Release|Any CPU
		{5FA452EB-B315-45CF-8F12-4892B35CEE3B}.Release|Any CPU.Build.0 = Release|Any CPU
	EndGlobalSection
	GlobalSection(SolutionProperties) = preSolution
		HideSolutionNode = FALSE
	EndGlobalSection
	GlobalSection(ExtensibilityGlobals) = postSolution
		SolutionGuid = {64225C54-9761-42B1-9526-A94741A5C9BC}
	EndGlobalSection
EndGlobal
